
Microsoft Visual Studio Solution File, Format Version 12.00
# Visual Studio 15
Project("{FAE04EC0-301F-11D3-BF4B-00C04F79EFBC}") = "sistema_cliente", "sistema_cliente\sistema_cliente.csproj", "{52FF00F3-960E-4DF3-9E6C-8E8954CE7192}"
EndProject
Global
	GlobalSection(SolutionConfigurationPlatforms) = preSolution
		Debug|Any CPU = Debug|Any CPU
		Release|Any CPU = Release|Any CPU
	EndGlobalSection
	GlobalSection(ProjectConfigurationPlatforms) = postSolution
		{52FF00F3-960E-4DF3-9E6C-8E8954CE7192}.Debug|Any CPU.ActiveCfg = Debug|Any CPU
		{52FF00F3-960E-4DF3-9E6C-8E8954CE7192}.Debug|Any CPU.Build.0 = Debug|Any CPU
		{52FF00F3-960E-4DF3-9E6C-8E8954CE7192}.Release|Any CPU.ActiveCfg = Release|Any CPU
		{52FF00F3-960E-4DF3-9E6C-8E8954CE7192}.Release|Any CPU.Build.0 = Release|Any CPU
	EndGlobalSection
EndGlobal
